github.com/rekby/fixenv v0.4.0 h1:UoQp5joLVKCST/ToVgKLXW2mNTqnmMPGMHPT7CxihqY=
github.com/rekby/fixenv v0.4.0/go.mod h1:/b5LRc06BYJtslRtHKxsPWFT/ySpHV+rWvzTg+XWk4c=
github.com/rekby/fixenv v0.5.0 h1:KLvYuS5nNnoh/QxJYqm0U4vZRWo4rxvQJycLDuXT4tY=
github.com/rekby/fixenv v0.5.0/go.mod h1:/b5LRc06BYJtslRtHKxsPWFT/ySpHV+rWvzTg+XWk4c=
github.com/rekby/fixenv v0.5.1 h1:lteTY67msg65foprjm6OB9XpmGL9McJXrz//6cPFIc4=
github.com/rekby/fixenv v0.5.1/go.mod h1:/b5LRc06BYJtslRtHKxsPWFT/ySpHV+rWvzTg+XWk4c=
